// !$*UTF8*$!
{
	archiveVersion = 1;
	classes = {
	};
	objectVersion = 56;
	objects = {

/* Begin PBXBuildFile section */
		A10000000000000000000001 /* APIKeyManager.swift in Sources */ = {isa = PBXBuildFile; fileRef = A20000000000000000000001 /* APIKeyManager.swift */; };
		A10000000000000000000002 /* Config.swift in Sources */ = {isa = PBXBuildFile; fileRef = A20000000000000000000002 /* Config.swift */; };
		A10000000000000000000003 /* ContentView.swift in Sources */ = {isa = PBXBuildFile; fileRef = A20000000000000000000003 /* ContentView.swift */; };
		A10000000000000000000004 /* DataModels.swift in Sources */ = {isa = PBXBuildFile; fileRef = A20000000000000000000004 /* DataModels.swift */; };
		A10000000000000000000005 /* FileDetailView.swift in Sources */ = {isa = PBXBuildFile; fileRef = A20000000000000000000005 /* FileDetailView.swift */; };
		A10000000000000000000006 /* GeminiClient.swift in Sources */ = {isa = PBXBuildFile; fileRef = A20000000000000000000006 /* GeminiClient.swift */; };
		A10000000000000000000007 /* LiquidGlassViewModifier.swift in Sources */ = {isa = PBXBuildFile; fileRef = A20000000000000000000007 /* LiquidGlassViewModifier.swift */; };
		A10000000000000000000008 /* MiniAppDetailView.swift in Sources */ = {isa = PBXBuildFile; fileRef = A20000000000000000000008 /* MiniAppDetailView.swift */; };
		A10000000000000000000009 /* MiniAppManager.swift in Sources */ = {isa = PBXBuildFile; fileRef = A20000000000000000000009 /* MiniAppManager.swift */; };
		A1000000000000000000000A /* NewMiniAppView.swift in Sources */ = {isa = PBXBuildFile; fileRef = A2000000000000000000000A /* NewMiniAppView.swift */; };
		A1000000000000000000000B /* NovaXAppApp.swift in Sources */ = {isa = PBXBuildFile; fileRef = A2000000000000000000000B /* NovaXAppApp.swift */; };
		A1000000000000000000000C /* ShareSheet.swift in Sources */ = {isa = PBXBuildFile; fileRef = A2000000000000000000000C /* ShareSheet.swift */; };
/* End PBXBuildFile section */

/* Begin PBXFileReference section */
		A20000000000000000000001 /* APIKeyManager.swift */ = {isa = PBXFileReference; lastKnownFileType = sourcecode.swift; path = APIKeyManager.swift; sourceTree = "<group>"; };
		A20000000000000000000002 /* Config.swift */ = {isa = PBXFileReference; lastKnownFileType = sourcecode.swift; path = Config.swift; sourceTree = "<group>"; };
		A20000000000000000000003 /* ContentView.swift */ = {isa = PBXFileReference; lastKnownFileType = sourcecode.swift; path = ContentView.swift; sourceTree = "<group>"; };
		A20000000000000000000004 /* DataModels.swift */ = {isa = PBXFileReference; lastKnownFileType = sourcecode.swift; path = DataModels.swift; sourceTree = "<group>"; };
		A20000000000000000000005 /* FileDetailView.swift */ = {isa = PBXFileReference; lastKnownFileType = sourcecode.swift; path = FileDetailView.swift; sourceTree = "<group>"; };
		A20000000000000000000006 /* GeminiClient.swift */ = {isa = PBXFileReference; lastKnownFileType = sourcecode.swift; path = GeminiClient.swift; sourceTree = "<group>"; };
		A20000000000000000000007 /* LiquidGlassViewModifier.swift */ = {isa = PBXFileReference; lastKnownFileType = sourcecode.swift; path = LiquidGlassViewModifier.swift; sourceTree = "<group>"; };
		A20000000000000000000008 /* MiniAppDetailView.swift */ = {isa = PBXFileReference; lastKnownFileType = sourcecode.swift; path = MiniAppDetailView.swift; sourceTree = "<group>"; };
		A20000000000000000000009 /* MiniAppManager.swift */ = {isa = PBXFileReference; lastKnownFileType = sourcecode.swift; path = MiniAppManager.swift; sourceTree = "<group>"; };
		A2000000000000000000000A /* NewMiniAppView.swift */ = {isa = PBXFileReference; lastKnownFileType = sourcecode.swift; path = NewMiniAppView.swift; sourceTree = "<group>"; };
		A2000000000000000000000B /* NovaXAppApp.swift */ = {isa = PBXFileReference; lastKnownFileType = sourcecode.swift; path = NovaXAppApp.swift; sourceTree = "<group>"; };
		A2000000000000000000000C /* ShareSheet.swift */ = {isa = PBXFileReference; lastKnownFileType = sourcecode.swift; path = ShareSheet.swift; sourceTree = "<group>"; };
		A2000000000000000000000D /* Info.plist */ = {isa = PBXFileReference; lastKnownFileType = text.plist.xml; path = Info.plist; sourceTree = "<group>"; };
		A2000000000000000000000E /* README.md */ = {isa = PBXFileReference; lastKnownFileType = net.daringfireball.markdown; path = README.md; sourceTree = "<group>"; };
		A2000000000000000000000F /* NovaXApp.app */ = {isa = PBXFileReference; explicitFileType = wrapper.application; includeInIndex = 0; path = NovaXApp.app; sourceTree = BUILT_PRODUCTS_DIR; };
/* End PBXFileReference section */

/* Begin PBXFrameworksBuildPhase section */
		A30000000000000000000001 /* Frameworks */ = {
			isa = PBXFrameworksBuildPhase;
			buildActionMask = 2147483647;
			files = (
			);
			runOnlyForDeploymentPostprocessing = 0;
		};
/* End PBXFrameworksBuildPhase section */

/* Begin PBXGroup section */
		A40000000000000000000001 = {
			isa = PBXGroup;
			children = (
				A40000000000000000000002 /* RootFiles */,
				A40000000000000000000003 /* Products */,
			);
			sourceTree = "<group>";
		};
		A40000000000000000000002 /* RootFiles */ = {
			isa = PBXGroup;
			children = (
				A20000000000000000000001 /* APIKeyManager.swift */,
				A20000000000000000000002 /* Config.swift */,
				A20000000000000000000003 /* ContentView.swift */,
				A20000000000000000000004 /* DataModels.swift */,
				A20000000000000000000005 /* FileDetailView.swift */,
				A20000000000000000000006 /* GeminiClient.swift */,
				A2000000000000000000000D /* Info.plist */,
				A20000000000000000000007 /* LiquidGlassViewModifier.swift */,
				A20000000000000000000008 /* MiniAppDetailView.swift */,
				A20000000000000000000009 /* MiniAppManager.swift */,
				A2000000000000000000000A /* NewMiniAppView.swift */,
				A2000000000000000000000B /* NovaXAppApp.swift */,
				A2000000000000000000000E /* README.md */,
				A2000000000000000000000C /* ShareSheet.swift */,
			);
			name = RootFiles;
			path = "";
			sourceTree = SOURCE_ROOT;
		};
		A40000000000000000000003 /* Products */ = {
			isa = PBXGroup;
			children = (
				A2000000000000000000000F /* NovaXApp.app */,
			);
			name = Products;
			sourceTree = "<group>";
		};
/* End PBXGroup section */

/* Begin PBXNativeTarget section */
		A50000000000000000000001 /* NovaXApp */ = {
			isa = PBXNativeTarget;
			buildConfigurationList = A60000000000000000000002 /* Build configuration list for PBXNativeTarget "NovaXApp" */;
			buildPhases = (
				A30000000000000000000002 /* Sources */,
				A30000000000000000000001 /* Frameworks */,
				A30000000000000000000003 /* Resources */,
			);
			buildRules = (
			);
			dependencies = (
			);
			name = NovaXApp;
			productName = NovaXApp;
			productReference = A2000000000000000000000F /* NovaXApp.app */;
			productType = "com.apple.product-type.application";
		};
/* End PBXNativeTarget section */

/* Begin PBXProject section */
		A70000000000000000000001 /* Project object */ = {
			isa = PBXProject;
			attributes = {
				BuildIndependentTargetsInParallel = 1;
				LastSwiftUpdateCheck = 1600;
				LastUpgradeCheck = 1600;
				TargetAttributes = {
					A50000000000000000000001 = {
						CreatedOnToolsVersion = 16.3;
					};
				};
			};
			buildConfigurationList = A60000000000000000000001 /* Build configuration list for PBXProject "NovaXApp" */;
			compatibilityVersion = "Xcode 15.0";
			developmentRegion = en;
			hasScannedForEncodings = 0;
			knownRegions = (
				en,
				Base,
			);
			mainGroup = A40000000000000000000001;
			productRefGroup = A40000000000000000000003 /* Products */;
			projectDirPath = "";
			projectRoot = "";
			targets = (
				A50000000000000000000001 /* NovaXApp */,
			);
		};
/* End PBXProject section */

/* Begin PBXResourcesBuildPhase section */
		A30000000000000000000003 /* Resources */ = {
			isa = PBXResourcesBuildPhase;
			buildActionMask = 2147483647;
			files = (
			);
			runOnlyForDeploymentPostprocessing = 0;
		};
/* End PBXResourcesBuildPhase section */

/* Begin PBXSourcesBuildPhase section */
		A30000000000000000000002 /* Sources */ = {
			isa = PBXSourcesBuildPhase;
			buildActionMask = 2147483647;
			files = (
				A10000000000000000000001 /* APIKeyManager.swift in Sources */,
				A10000000000000000000002 /* Config.swift in Sources */,
				A10000000000000000000003 /* ContentView.swift in Sources */,
				A10000000000000000000004 /* DataModels.swift in Sources */,
				A10000000000000000000005 /* FileDetailView.swift in Sources */,
				A10000000000000000000006 /* GeminiClient.swift in Sources */,
				A10000000000000000000007 /* LiquidGlassViewModifier.swift in Sources */,
				A10000000000000000000008 /* MiniAppDetailView.swift in Sources */,
				A10000000000000000000009 /* MiniAppManager.swift in Sources */,
				A1000000000000000000000A /* NewMiniAppView.swift in Sources */,
				A1000000000000000000000B /* NovaXAppApp.swift in Sources */,
				A1000000000000000000000C /* ShareSheet.swift in Sources */,
			);
			runOnlyForDeploymentPostprocessing = 0;
		};
/* End PBXSourcesBuildPhase section */

/* Begin XCBuildConfiguration section */
		A80000000000000000000001 /* Debug */ = {
			isa = XCBuildConfiguration;
			buildSettings = {
				ALWAYS_SEARCH_USER_PATHS = NO;
				CLANG_ENABLE_MODULES = YES;
				CLANG_ENABLE_OBJC_ARC = YES;
				COPY_PHASE_STRIP = NO;
				DEBUG_INFORMATION_FORMAT = dwarf;
				ENABLE_STRICT_OBJC_MSGSEND = YES;
				ENABLE_TESTABILITY = YES;
				GCC_C_LANGUAGE_STANDARD = gnu17;
				GCC_DYNAMIC_NO_PIC = NO;
				GCC_NO_COMMON_BLOCKS = YES;
				GCC_OPTIMIZATION_LEVEL = 0;
				GCC_PREPROCESSOR_DEFINITIONS = (
					"DEBUG=1",
					"$(inherited)",
				);
				IPHONEOS_DEPLOYMENT_TARGET = 17.5;
				SDKROOT = iphoneos;
				SWIFT_ACTIVE_COMPILATION_CONDITIONS = "DEBUG $(inherited)";
				SWIFT_OPTIMIZATION_LEVEL = "-Onone";
			};
			name = Debug;
		};
		A80000000000000000000002 /* Release */ = {
			isa = XCBuildConfiguration;
			buildSettings = {
				ALWAYS_SEARCH_USER_PATHS = NO;
				CLANG_ENABLE_MODULES = YES;
				CLANG_ENABLE_OBJC_ARC = YES;
				COPY_PHASE_STRIP = NO;
				DEBUG_INFORMATION_FORMAT = "dwarf-with-dsym";
				ENABLE_NS_ASSERTIONS = NO;
				ENABLE_STRICT_OBJC_MSGSEND = YES;
				GCC_C_LANGUAGE_STANDARD = gnu17;
				GCC_NO_COMMON_BLOCKS = YES;
				IPHONEOS_DEPLOYMENT_TARGET = 17.5;
				SDKROOT = iphoneos;
				SWIFT_COMPILATION_MODE = wholemodule;
				VALIDATE_PRODUCT = YES;
			};
			name = Release;
		};
		A80000000000000000000003 /* Debug */ = {
			isa = XCBuildConfiguration;
			buildSettings = {
				CODE_SIGN_STYLE = Automatic;
				CURRENT_PROJECT_VERSION = 1;
				GENERATE_INFOPLIST_FILE = NO;
				INFOPLIST_FILE = Info.plist;
				IPHONEOS_DEPLOYMENT_TARGET = 17.5;
				LD_RUNPATH_SEARCH_PATHS = (
					"$(inherited)",
					"@executable_path/Frameworks",
				);
				MARKETING_VERSION = 1.0;
				PRODUCT_BUNDLE_IDENTIFIER = com.example.novaxapp;
				PRODUCT_NAME = "$(TARGET_NAME)";
				SUPPORTED_PLATFORMS = "iphoneos iphonesimulator";
				SWIFT_VERSION = 5.0;
				TARGETED_DEVICE_FAMILY = "1,2";
			};
			name = Debug;
		};
		A80000000000000000000004 /* Release */ = {
			isa = XCBuildConfiguration;
			buildSettings = {
				CODE_SIGN_STYLE = Automatic;
				CURRENT_PROJECT_VERSION = 1;
				GENERATE_INFOPLIST_FILE = NO;
				INFOPLIST_FILE = Info.plist;
				IPHONEOS_DEPLOYMENT_TARGET = 17.5;
				LD_RUNPATH_SEARCH_PATHS = (
					"$(inherited)",
					"@executable_path/Frameworks",
				);
				MARKETING_VERSION = 1.0;
				PRODUCT_BUNDLE_IDENTIFIER = com.example.novaxapp;
				PRODUCT_NAME = "$(TARGET_NAME)";
				SUPPORTED_PLATFORMS = "iphoneos iphonesimulator";
				SWIFT_VERSION = 5.0;
				TARGETED_DEVICE_FAMILY = "1,2";
			};
			name = Release;
		};
/* End XCBuildConfiguration section */

/* Begin XCConfigurationList section */
		A60000000000000000000001 /* Build configuration list for PBXProject "NovaXApp" */ = {
			isa = XCConfigurationList;
			buildConfigurations = (
				A80000000000000000000001 /* Debug */,
				A80000000000000000000002 /* Release */,
			);
			defaultConfigurationIsVisible = 0;
			defaultConfigurationName = Release;
		};
		A60000000000000000000002 /* Build configuration list for PBXNativeTarget "NovaXApp" */ = {
			isa = XCConfigurationList;
			buildConfigurations = (
				A80000000000000000000003 /* Debug */,
				A80000000000000000000004 /* Release */,
			);
			defaultConfigurationIsVisible = 0;
			defaultConfigurationName = Release;
		};
/* End XCConfigurationList section */
	};
	rootObject = A70000000000000000000001 /* Project object */;
}
